# Generated by pub
# See https://dart.dev/tools/pub/glossary#lockfile
packages:
  ansicolor:
    dependency: transitive
    description:
      name: ansicolor
      url: "https://pub.dartlang.org"
    source: hosted
    version: "2.0.1"
  archive:
    dependency: "direct dev"
    description:
      name: archive
      url: "https://pub.dartlang.org"
    source: hosted
    version: "3.1.6"
  args:
    dependency: transitive
    description:
      name: args
      url: "https://pub.dartlang.org"
    source: hosted
    version: "2.3.0"
  async:
    dependency: transitive
    description:
      name: async
      url: "https://pub.dartlang.org"
    source: hosted
    version: "2.8.2"
  audioplayers:
    dependency: "direct main"
    description:
      name: audioplayers
      url: "https://pub.dartlang.org"
    source: hosted
    version: "0.20.1"
  boolean_selector:
    dependency: transitive
    description:
      name: boolean_selector
      url: "https://pub.dartlang.org"
    source: hosted
    version: "2.1.0"
  bot_toast:
    dependency: "direct main"
    description:
      name: bot_toast
      url: "https://pub.dartlang.org"
    source: hosted
    version: "4.0.1"
  characters:
    dependency: transitive
    description:
      name: characters
      url: "https://pub.dartlang.org"
    source: hosted
    version: "1.2.0"
  charcode:
    dependency: transitive
    description:
      name: charcode
      url: "https://pub.dartlang.org"
    source: hosted
    version: "1.3.1"
  clock:
    dependency: transitive
    description:
      name: clock
      url: "https://pub.dartlang.org"
    source: hosted
    version: "1.1.0"
  collection:
    dependency: transitive
    description:
      name: collection
      url: "https://pub.dartlang.org"
    source: hosted
    version: "1.15.0"
  crypto:
    dependency: transitive
    description:
      name: crypto
      url: "https://pub.dartlang.org"
    source: hosted
    version: "3.0.1"
  csv:
    dependency: transitive
    description:
      name: csv
      url: "https://pub.dartlang.org"
    source: hosted
    version: "5.0.1"
  cupertino_icons:
    dependency: "direct main"
    description:
      name: cupertino_icons
      url: "https://pub.dartlang.org"
    source: hosted
    version: "1.0.4"
  device_info_plus:
    dependency: "direct main"
    description:
      name: device_info_plus
      url: "https://pub.dartlang.org"
    source: hosted
    version: "3.1.1"
  device_info_plus_linux:
    dependency: transitive
    description:
      name: device_info_plus_linux
      url: "https://pub.dartlang.org"
    source: hosted
    version: "2.1.0"
  device_info_plus_macos:
    dependency: transitive
    description:
      name: device_info_plus_macos
      url: "https://pub.dartlang.org"
    source: hosted
    version: "2.2.0"
  device_info_plus_platform_interface:
    dependency: transitive
    description:
      name: device_info_plus_platform_interface
      url: "https://pub.dartlang.org"
    source: hosted
    version: "2.2.1"
  device_info_plus_web:
    dependency: transitive
    description:
      name: device_info_plus_web
      url: "https://pub.dartlang.org"
    source: hosted
    version: "2.1.0"
  device_info_plus_windows:
    dependency: transitive
    description:
      name: device_info_plus_windows
      url: "https://pub.dartlang.org"
    source: hosted
    version: "2.1.0"
  dio:
    dependency: "direct main"
    description:
      name: dio
      url: "https://pub.dartlang.org"
    source: hosted
    version: "4.0.4"
  easy_localization:
    dependency: "direct main"
    description:
      name: easy_localization
      url: "https://pub.dartlang.org"
    source: hosted
    version: "3.0.0"
  easy_localization_loader:
    dependency: "direct main"
    description:
      name: easy_localization_loader
      url: "https://pub.dartlang.org"
    source: hosted
    version: "1.0.0"
  easy_logger:
    dependency: transitive
    description:
      name: easy_logger
      url: "https://pub.dartlang.org"
    source: hosted
    version: "0.0.2"
  fake_async:
    dependency: transitive
    description:
      name: fake_async
      url: "https://pub.dartlang.org"
    source: hosted
    version: "1.2.0"
  ffi:
    dependency: transitive
    description:
      name: ffi
      url: "https://pub.dartlang.org"
    source: hosted
    version: "1.1.2"
  file:
    dependency: transitive
    description:
      name: file
      url: "https://pub.dartlang.org"
    source: hosted
    version: "6.1.2"
  fluentui_system_icons:
    dependency: "direct main"
    description:
      name: fluentui_system_icons
      url: "https://pub.dartlang.org"
    source: hosted
    version: "1.1.153"
  flutter:
    dependency: "direct main"
    description: flutter
    source: sdk
    version: "0.0.0"
  flutter_lints:
    dependency: "direct dev"
    description:
      name: flutter_lints
      url: "https://pub.dartlang.org"
    source: hosted
    version: "1.0.4"
  flutter_localizations:
    dependency: "direct main"
    description: flutter
    source: sdk
    version: "0.0.0"
  flutter_spinkit:
    dependency: "direct main"
    description:
      name: flutter_spinkit
      url: "https://pub.dartlang.org"
    source: hosted
    version: "5.1.0"
  flutter_svg:
    dependency: "direct main"
    description:
      name: flutter_svg
      url: "https://pub.dartlang.org"
    source: hosted
    version: "0.23.0+1"
  flutter_test:
    dependency: "direct dev"
    description: flutter
    source: sdk
    version: "0.0.0"
  flutter_web_plugins:
    dependency: transitive
    description: flutter
    source: sdk
    version: "0.0.0"
  hotkey_manager:
    dependency: "direct main"
    description:
      name: hotkey_manager
      url: "https://pub.dartlang.org"
    source: hosted
    version: "0.1.5"
  http:
    dependency: transitive
    description:
      name: http
      url: "https://pub.dartlang.org"
    source: hosted
    version: "0.13.4"
  http_parser:
    dependency: transitive
    description:
      name: http_parser
      url: "https://pub.dartlang.org"
    source: hosted
    version: "4.0.0"
  injector:
    dependency: transitive
    description:
      name: injector
      url: "https://pub.dartlang.org"
    source: hosted
    version: "2.0.0"
  intl:
    dependency: transitive
    description:
      name: intl
      url: "https://pub.dartlang.org"
    source: hosted
    version: "0.17.0"
  js:
    dependency: transitive
    description:
      name: js
      url: "https://pub.dartlang.org"
    source: hosted
    version: "0.6.3"
  launch_at_startup:
    dependency: "direct main"
    description:
      name: launch_at_startup
      url: "https://pub.dartlang.org"
    source: hosted
    version: "0.1.1"
  libwinmedia:
    dependency: "direct main"
    description:
      name: libwinmedia
      url: "https://pub.dartlang.org"
    source: hosted
    version: "0.0.7"
  lints:
    dependency: transitive
    description:
      name: lints
      url: "https://pub.dartlang.org"
    source: hosted
    version: "1.0.1"
  matcher:
    dependency: transitive
    description:
      name: matcher
      url: "https://pub.dartlang.org"
    source: hosted
    version: "0.12.11"
  meta:
    dependency: transitive
    description:
      name: meta
      url: "https://pub.dartlang.org"
    source: hosted
    version: "1.7.0"
  msix:
    dependency: "direct dev"
    description:
      name: msix
      url: "https://pub.dartlang.org"
    source: hosted
    version: "2.6.5"
  ocr_engine_builtin:
    dependency: transitive
    description:
      path: "../uni_ocr/packages/ocr_engine_builtin"
      relative: true
    source: path
    version: "0.0.1"
  ocr_engine_youdao:
    dependency: transitive
    description:
      path: "../uni_ocr/packages/ocr_engine_youdao"
      relative: true
    source: path
    version: "0.0.1"
  package_config:
    dependency: transitive
    description:
      name: package_config
      url: "https://pub.dartlang.org"
    source: hosted
    version: "2.0.2"
  package_info_plus:
    dependency: "direct main"
    description:
      name: package_info_plus
      url: "https://pub.dartlang.org"
    source: hosted
    version: "1.3.0"
  package_info_plus_linux:
    dependency: transitive
    description:
      name: package_info_plus_linux
      url: "https://pub.dartlang.org"
    source: hosted
    version: "1.0.3"
  package_info_plus_macos:
    dependency: transitive
    description:
      name: package_info_plus_macos
      url: "https://pub.dartlang.org"
    source: hosted
    version: "1.3.0"
  package_info_plus_platform_interface:
    dependency: transitive
    description:
      name: package_info_plus_platform_interface
      url: "https://pub.dartlang.org"
    source: hosted
    version: "1.0.2"
  package_info_plus_web:
    dependency: transitive
    description:
      name: package_info_plus_web
      url: "https://pub.dartlang.org"
    source: hosted
    version: "1.0.4"
  package_info_plus_windows:
    dependency: transitive
    description:
      name: package_info_plus_windows
      url: "https://pub.dartlang.org"
    source: hosted
    version: "1.0.4"
  page_transition:
    dependency: "direct main"
    description:
      name: page_transition
      url: "https://pub.dartlang.org"
    source: hosted
    version: "2.0.4"
  path:
    dependency: transitive
    description:
      name: path
      url: "https://pub.dartlang.org"
    source: hosted
    version: "1.8.0"
  path_drawing:
    dependency: transitive
    description:
      name: path_drawing
      url: "https://pub.dartlang.org"
    source: hosted
    version: "0.5.1+1"
  path_parsing:
    dependency: transitive
    description:
      name: path_parsing
      url: "https://pub.dartlang.org"
    source: hosted
    version: "0.2.1"
  path_provider:
    dependency: transitive
    description:
      name: path_provider
      url: "https://pub.dartlang.org"
    source: hosted
    version: "2.0.7"
  path_provider_android:
    dependency: transitive
    description:
      name: path_provider_android
      url: "https://pub.dartlang.org"
    source: hosted
    version: "2.0.9"
  path_provider_ios:
    dependency: transitive
    description:
      name: path_provider_ios
      url: "https://pub.dartlang.org"
    source: hosted
    version: "2.0.7"
  path_provider_linux:
    dependency: transitive
    description:
      name: path_provider_linux
      url: "https://pub.dartlang.org"
    source: hosted
    version: "2.1.2"
  path_provider_macos:
    dependency: transitive
    description:
      name: path_provider_macos
      url: "https://pub.dartlang.org"
    source: hosted
    version: "2.0.3"
  path_provider_platform_interface:
    dependency: transitive
    description:
      name: path_provider_platform_interface
      url: "https://pub.dartlang.org"
    source: hosted
    version: "2.0.1"
  path_provider_windows:
    dependency: transitive
    description:
      name: path_provider_windows
      url: "https://pub.dartlang.org"
    source: hosted
    version: "2.0.4"
  petitparser:
    dependency: transitive
    description:
      name: petitparser
      url: "https://pub.dartlang.org"
    source: hosted
    version: "4.4.0"
  photo_view:
    dependency: "direct main"
    description:
      name: photo_view
      url: "https://pub.dartlang.org"
    source: hosted
    version: "0.13.0"
  platform:
    dependency: transitive
    description:
      name: platform
      url: "https://pub.dartlang.org"
    source: hosted
    version: "3.0.2"
  plugin_platform_interface:
    dependency: transitive
    description:
      name: plugin_platform_interface
      url: "https://pub.dartlang.org"
    source: hosted
    version: "2.0.2"
  pro_account:
    dependency: "direct main"
    description:
      path: "."
      ref: main
      resolved-ref: "117073ce1563000b4101eb8438a034be8a786c9d"
      url: "https://github.com/biyidev/pro_account_noop.git"
    source: git
    version: "0.0.1"
  process:
    dependency: transitive
    description:
      name: process
      url: "https://pub.dartlang.org"
    source: hosted
    version: "4.2.4"
  screen_capturer:
    dependency: "direct main"
    description:
      name: screen_capturer
      url: "https://pub.dartlang.org"
    source: hosted
    version: "0.1.0"
  screen_retriever:
    dependency: "direct main"
    description:
      name: screen_retriever
      url: "https://pub.dartlang.org"
    source: hosted
    version: "0.1.0"
  screen_text_extractor:
    dependency: "direct main"
    description:
      name: screen_text_extractor
      url: "https://pub.dartlang.org"
    source: hosted
    version: "0.1.0"
  shared_preferences:
    dependency: transitive
    description:
      name: shared_preferences
      url: "https://pub.dartlang.org"
    source: hosted
    version: "2.0.9"
  shared_preferences_android:
    dependency: transitive
    description:
      name: shared_preferences_android
      url: "https://pub.dartlang.org"
    source: hosted
    version: "2.0.9"
  shared_preferences_ios:
    dependency: transitive
    description:
      name: shared_preferences_ios
      url: "https://pub.dartlang.org"
    source: hosted
    version: "2.0.8"
  shared_preferences_linux:
    dependency: transitive
    description:
      name: shared_preferences_linux
      url: "https://pub.dartlang.org"
    source: hosted
    version: "2.0.3"
  shared_preferences_macos:
    dependency: transitive
    description:
      name: shared_preferences_macos
      url: "https://pub.dartlang.org"
    source: hosted
    version: "2.0.2"
  shared_preferences_platform_interface:
    dependency: transitive
    description:
      name: shared_preferences_platform_interface
      url: "https://pub.dartlang.org"
    source: hosted
    version: "2.0.0"
  shared_preferences_web:
    dependency: transitive
    description:
      name: shared_preferences_web
      url: "https://pub.dartlang.org"
    source: hosted
    version: "2.0.2"
  shared_preferences_windows:
    dependency: transitive
    description:
      name: shared_preferences_windows
      url: "https://pub.dartlang.org"
    source: hosted
    version: "2.0.3"
  sky_engine:
    dependency: transitive
    description: flutter
    source: sdk
    version: "0.0.99"
  source_span:
    dependency: transitive
    description:
      name: source_span
      url: "https://pub.dartlang.org"
    source: hosted
    version: "1.8.1"
  stack_trace:
    dependency: transitive
    description:
      name: stack_trace
      url: "https://pub.dartlang.org"
    source: hosted
    version: "1.10.0"
  sticky_headers:
    dependency: "direct main"
    description:
      name: sticky_headers
      url: "https://pub.dartlang.org"
    source: hosted
    version: "0.2.0"
  stream_channel:
    dependency: transitive
    description:
      name: stream_channel
      url: "https://pub.dartlang.org"
    source: hosted
    version: "2.1.0"
  string_scanner:
    dependency: transitive
    description:
      name: string_scanner
      url: "https://pub.dartlang.org"
    source: hosted
    version: "1.1.0"
  term_glyph:
    dependency: transitive
    description:
      name: term_glyph
      url: "https://pub.dartlang.org"
    source: hosted
    version: "1.2.0"
  test_api:
    dependency: transitive
    description:
      name: test_api
      url: "https://pub.dartlang.org"
    source: hosted
    version: "0.4.3"
  translation_engine_baidu:
    dependency: transitive
    description:
      path: "../uni_translate/packages/translation_engine_baidu"
      relative: true
    source: path
    version: "0.1.0"
  translation_engine_caiyun:
    dependency: transitive
    description:
      path: "../uni_translate/packages/translation_engine_caiyun"
      relative: true
    source: path
    version: "0.1.0"
  translation_engine_deepl:
    dependency: transitive
    description:
      path: "../uni_translate/packages/translation_engine_deepl"
      relative: true
    source: path
    version: "0.1.0"
  translation_engine_google:
    dependency: transitive
    description:
      path: "../uni_translate/packages/translation_engine_google"
      relative: true
    source: path
    version: "0.1.0"
  translation_engine_iciba:
    dependency: transitive
    description:
      path: "../uni_translate/packages/translation_engine_iciba"
      relative: true
    source: path
    version: "0.1.0"
  translation_engine_sogou:
    dependency: transitive
    description:
      path: "../uni_translate/packages/translation_engine_sogou"
      relative: true
    source: path
    version: "0.1.0"
  translation_engine_tencent:
    dependency: transitive
    description:
      path: "../uni_translate/packages/translation_engine_tencent"
      relative: true
    source: path
    version: "0.1.0"
  translation_engine_youdao:
    dependency: transitive
    description:
      path: "../uni_translate/packages/translation_engine_youdao"
      relative: true
    source: path
    version: "0.1.0"
  tray_manager:
    dependency: "direct main"
    description:
      name: tray_manager
      url: "https://pub.dartlang.org"
    source: hosted
    version: "0.1.3"
  typed_data:
    dependency: transitive
    description:
      name: typed_data
      url: "https://pub.dartlang.org"
    source: hosted
    version: "1.3.0"
  uni_links:
    dependency: "direct main"
    description:
      name: uni_links
      url: "https://pub.dartlang.org"
    source: hosted
    version: "0.5.1"
  uni_links_macos:
    dependency: "direct main"
    description:
      path: "packages/uni_links_macos"
      ref: master
      resolved-ref: dc979318e1f12c5306c9d30ff49d3b724febe02d
      url: "https://github.com/biyidev/dart_pkgs.git"
    source: git
    version: "0.0.1"
  uni_links_platform_interface:
    dependency: transitive
    description:
      name: uni_links_platform_interface
      url: "https://pub.dartlang.org"
    source: hosted
    version: "1.0.0"
  uni_links_web:
    dependency: transitive
    description:
      name: uni_links_web
      url: "https://pub.dartlang.org"
    source: hosted
    version: "0.1.0"
  uni_ocr:
    dependency: "direct main"
    description:
      path: "../uni_ocr/packages/uni_ocr"
      relative: true
    source: path
    version: "0.0.1"
  uni_ocr_client:
    dependency: "direct main"
    description:
      path: "../uni_ocr/packages/uni_ocr_client"
      relative: true
    source: path
    version: "0.0.3"
  uni_translate:
    dependency: "direct main"
    description:
      path: "../uni_translate/packages/uni_translate"
      relative: true
    source: path
    version: "0.1.0"
  uni_translate_client:
    dependency: "direct main"
    description:
      path: "../uni_translate/packages/uni_translate_client"
      relative: true
    source: path
    version: "0.1.0"
  url_launcher:
    dependency: "direct main"
    description:
      name: url_launcher
      url: "https://pub.dartlang.org"
    source: hosted
    version: "6.0.17"
  url_launcher_android:
    dependency: transitive
    description:
      name: url_launcher_android
      url: "https://pub.dartlang.org"
    source: hosted
    version: "6.0.13"
  url_launcher_ios:
    dependency: transitive
    description:
      name: url_launcher_ios
      url: "https://pub.dartlang.org"
    source: hosted
    version: "6.0.13"
  url_launcher_linux:
    dependency: transitive
    description:
      name: url_launcher_linux
      url: "https://pub.dartlang.org"
    source: hosted
    version: "2.0.2"
  url_launcher_macos:
    dependency: transitive
    description:
      name: url_launcher_macos
      url: "https://pub.dartlang.org"
    source: hosted
    version: "2.0.2"
  url_launcher_platform_interface:
    dependency: transitive
    description:
      name: url_launcher_platform_interface
      url: "https://pub.dartlang.org"
    source: hosted
    version: "2.0.4"
  url_launcher_web:
    dependency: transitive
    description:
      name: url_launcher_web
      url: "https://pub.dartlang.org"
    source: hosted
    version: "2.0.5"
  url_launcher_windows:
    dependency: transitive
    description:
      name: url_launcher_windows
      url: "https://pub.dartlang.org"
    source: hosted
    version: "2.0.2"
  uuid:
    dependency: "direct main"
    description:
      name: uuid
      url: "https://pub.dartlang.org"
    source: hosted
    version: "3.0.5"
  vector_math:
    dependency: transitive
    description:
      name: vector_math
      url: "https://pub.dartlang.org"
    source: hosted
    version: "2.1.1"
  win32:
    dependency: transitive
    description:
      name: win32
      url: "https://pub.dartlang.org"
    source: hosted
    version: "2.3.1"
  window_manager:
    dependency: "direct main"
    description:
      name: window_manager
      url: "https://pub.dartlang.org"
    source: hosted
    version: "0.1.3"
  xdg_directories:
    dependency: transitive
    description:
      name: xdg_directories
      url: "https://pub.dartlang.org"
    source: hosted
    version: "0.2.0"
  xml:
    dependency: transitive
    description:
      name: xml
      url: "https://pub.dartlang.org"
    source: hosted
    version: "5.3.1"
  yaml:
    dependency: transitive
    description:
      name: yaml
      url: "https://pub.dartlang.org"
    source: hosted
    version: "3.1.0"
sdks:
  dart: ">=2.14.0 <3.0.0"
  flutter: ">=2.5.0"
